{
    "_meta": {
        "hash": {
            "sha256": "5da28e192ae571c0f4f0aa4d9cf78fe59cfe78dd345c9a87912165c0e2d5403f"
        },
        "pipfile-spec": 6,
        "requires": {
            "python_version": "3.13"
        },
        "sources": [
            {
                "name": "pypi",
                "url": "https://pypi.org/simple",
                "verify_ssl": true
            }
        ]
    },
    "default": {
        "asgiref": {
            "hashes": [
                "sha256:5f184dc43b7e763efe848065441eac62229c9f7b0475f41f80e207a114eda4ce",
                "sha256:e8667a091e69529631969fd45dc268fa79b99c92c5fcdda727757e52146ec133"
            ],
            "markers": "python_version >= '3.9'",
            "version": "==3.11.1"
        },
        "click": {
            "hashes": [
                "sha256:9a6cea6e60b17ebe0a44c5cc636d94f09bd66142c1cd7d8b4cd731c4917a15f6",
                "sha256:e6f9f66136c816745b9d65817da91d61d957fb16e02e4dcd0552553c5a197b76"
            ],
            "markers": "python_version >= '3.10'",
            "version": "==8.4.2"
        },
        "django": {
            "hashes": [
                "sha256:25148b1194c47c2e685e5f5e9c5d59c78b075dfd282cb9618861ba6c1708f4d2",
                "sha256:ad03916ba59523d781ae5c3f631960c23d69a9d9c43cecda52fc23b47e953713"
            ],
            "markers": "python_version >= '3.12'",
            "version": "==6.0.6"
        },
        "django-cors-headers": {
            "hashes": [
                "sha256:15c7f20727f90044dcee2216a9fd7303741a864865f0c3657e28b7056f61b449",
                "sha256:fe5d7cb59fdc2c8c646ce84b727ac2bca8912a247e6e68e1fb507372178e59e8"
            ],
            "index": "pypi",
            "markers": "python_version >= '3.9'",
            "version": "==4.9.0"
        },
        "django-filter": {
            "hashes": [
                "sha256:760e984a931f4468d096f5541787efb8998c61217b73006163bf2f9523fe8f23",
                "sha256:9c0f8609057309bba611062fe1b720b4a873652541192d232dd28970383633e3"
            ],
            "index": "pypi",
            "markers": "python_version >= '3.10'",
            "version": "==25.2"
        },
        "djangorestframework": {
            "hashes": [
                "sha256:a6def5f447fe78ff853bff1d47a3c59bf38f5434b031780b351b0c73a62db1a5",
                "sha256:c3c74dd3e83a5a3efc37b3c18d92bd6f86a6791c7b7d4dff62bb068500e76457"
            ],
            "index": "pypi",
            "markers": "python_version >= '3.10'",
            "version": "==3.17.1"
        },
        "gunicorn": {
            "hashes": [
                "sha256:40233d26a5f0d1872916188c276e21641155111c2853f0c2cd55260aec0d24fc",
                "sha256:ca9346f85e3a4aeeb64d491045c16b9a35647abd37ea15efe53080eb8b090baf"
            ],
            "index": "pypi",
            "markers": "python_version >= '3.10'",
            "version": "==26.0.0"
        },
        "h11": {
            "hashes": [
                "sha256:4e35b956cf45792e4caa5885e69fba00bdbc6ffafbfa020300e549b208ee5ff1",
                "sha256:63cf8bbe7522de3bf65932fda1d9c2772064ffb3dae62d55932da54b31cb6c86"
            ],
            "markers": "python_version >= '3.8'",
            "version": "==0.16.0"
        },
        "packaging": {
            "hashes": [
                "sha256:5fc45236b9446107ff2415ce77c807cee2862cb6fac22b8a73826d0693b0980e",
                "sha256:ff452ff5a3e828ce110190feff1178bb1f2ea2281fa2075aadb987c2fb221661"
            ],
            "markers": "python_version >= '3.8'",
            "version": "==26.2"
        },
        "psycopg": {
            "extras": [
                "binary",
                "pool"
            ],
            "hashes": [
                "sha256:b6bbc25ccf05c8fad3b061d9db2ef0909a555171b84b07f29458a447253d679a",
                "sha256:e21207764952cff81b6b8bdacad9a3939f2793367fdac2987b3aac36a651b5bc"
            ],
            "markers": "python_version >= '3.10'",
            "version": "==3.3.4"
        },
        "psycopg-binary": {
            "hashes": [
                "sha256:018fbed325936da502feb546642c982dcc4b9ffdea32dfef78dbf3b7f7ad4070",
                "sha256:0579252a1202cd73e4da137a1426e2dae993ae44e757605344282af3a082848c",
                "sha256:136f199a407b5348b9b857c504aff60c77622a28482e7195839ce1b51238c4cc",
                "sha256:13a7f380824c35896dcac7fe0f61440f7ca49d6dc73f3c13a9a4471e6a3b302e",
                "sha256:17a21953a9e5ff3a16dab692625a3676e2f101db5e40072f39dbee2250194d68",
                "sha256:1dc1f79fd16bb1f3f4421417a514607539f17804d95c7ed617265369d1981cae",
                "sha256:1fbaa292a3c8bb61b45df1ad3da1908ccee7cb889db9425e3557d9e34e2a4829",
                "sha256:22cdbf5f91ef7bb91fe0c5757e1962d3127a8010256eefd9c61fcaf441802097",
                "sha256:26df2717e59c0473e4465a97dfb1b7afebaa479277870fd5784d1436470db47c",
                "sha256:276904e3452d6a23d474ef9a21eee19f20eed3d53ddd2576af033827e0ba0992",
                "sha256:28b7398fdd19db3232c884fb24550bdfe951221f510e195e233299e4c9b78f97",
                "sha256:2c09aad7051326e7603c14e50636db9c01f78272dc54b3accff03d46370461e6",
                "sha256:32a6fbf8481e3a370d0d72b860d35948a693cb01281da217f7b2f307636e591a",
                "sha256:41f2ec0fea529832982bcb6c9415de3c86264ebe562b77a467c0fbcd7efbba8d",
                "sha256:46893c26858be12cc49ca4226ed6a60b4bfccadd946b3bebb783a60b38788228",
                "sha256:47c656a8a7ba6eb0cff1801a4caaa9c8bdc12d03080e273aff1c8ac39971a77e",
                "sha256:494ca54901be8cf9eb7e02c25b731f2317c378efa44f43e8f9bd0e1184ae7be4",
                "sha256:514404ed543efd620c85602b747df2a23cf1241b4067199e1a66f2d2757aaa41",
                "sha256:574ea21a9651958f1535c5a1c649c7409e9168bcbffa29a3f2f961f58b322949",
                "sha256:580ae30a5f95ccd90008ec697d3ed6a4a2047a516407ad904283fa42086936e9",
                "sha256:5ab28a2a7649df3b72e6b674b4c190e448e8e77cf496a65bd846472048de2089",
                "sha256:5c4ab71be17bdca30cb34c34c4e1496e2f5d6f20c199c12bad226070b22ef9bf",
                "sha256:612a627d733f695b1de1f9b4bd511c15f999a5d8b915d444bbd7dd71cf3370da",
                "sha256:6402a9d8146cf4b3974ded3fd28a971e83dc6a0333eb7822524a3aa20b546578",
                "sha256:6b9016b1714da4dd5ecaaa75b82098aa5a0b87854ce9b092e21c27c4ae23e014",
                "sha256:71e55ccbdfae79a2ed9c6369c3008a3025817ff9d7e27b32a2d84e2a4267e66e",
                "sha256:7465bfe6087d2d5b42d4c53b9b11ca9f218e477317a4a162a10e3c19e984ba8e",
                "sha256:75a9067e236f9b9ae3535b66fe99bddb33d39c0de10112e49b9ab11eee53dc31",
                "sha256:773d573e11f437ce0bdb95b7c18dc58390494f96d43f8b45b9760436114f7652",
                "sha256:77df19583501ea288eaf15ac0fe7ad01e6d8091a91d5c41df5c718f307d8e31b",
                "sha256:7f7668f30b9dd5163197e5cbf4e0efd54e00f0a859cc566ce56cfc31f4054839",
                "sha256:8c0056529e68dbe9184cd4019a1f3d8f3a4ead2f6fc7a5afcf27d3314edd1277",
                "sha256:94596f9e7633ee3f6440711d43bb70aa31cc0a46a900ab8b4201a366ace5c9e7",
                "sha256:ab8cca8ef8fb1ccf5b048ae5bd78ba55b9e4b5d472e3ce5ca39ff4d2a9c249e4",
                "sha256:ad3bc94054876155549fdaedf4a46d1ec69d39a5bcee377148afe498e84c4b8e",
                "sha256:b56b603ebcea8aa10b46228b8410ba7f13e7c2ee54389d4d9be0927fd8ce2a70",
                "sha256:b6f5a29e9c775b9f12a1a717aa7a2c80f9e1db6f27ba44a5b59c80ac61d2ffcf",
                "sha256:b7bfff1ca23732b488cbca3076fc11bc98d520ee122514fdb17a8e20d3338f5a",
                "sha256:bdef84570ebbce1d42b4e7ea952d21c414c5f118ad02fee00c5625f35e134429",
                "sha256:c37e024c07308cd06cf3ec51bfd0e7f6157585a4d84d1bce4a7f5f7913719bf8",
                "sha256:c677c4ad433cb7150c8cd304a0769ae3bcfbe5ea0676eb53faa7b1443b16d0d3",
                "sha256:cf7f73a4a792bc5db58a4b385d8a1467e8d468f7548702fb0ed1e9b7501b1c13",
                "sha256:cffc3408d77a27973f33e5d909b624cce683db5fc25964b02fe0aae7886c1007",
                "sha256:d7b4d40c153fa352ab3cca530f3a0baedf7621b2ebcbd7f084009522c21788fc",
                "sha256:dbfdb9b6cc79f31104a7b162a2b921b765fcc62af6c00540a167a8de47e4ed38",
                "sha256:df1d567fc430f6df15c9fcf67d87685fc49bdb325adc0db5af1adfb2f44eb5c9",
                "sha256:e2631da29253a98bd496e6c4813b24e09a4fe3fb2a9e88513305d6f8747cce95",
                "sha256:e7510c37550f91a187e3660a8cc50d4b760f8c3b8b2f89ebc5698cd2c7f2c85d",
                "sha256:eb05ee1c2b817d27c537333224c9e83c7afb86fe7296ba970990068baf819b16",
                "sha256:eb4eed2079c01a4850bf467deacfab56d356d4225040170af03dc9958321242d",
                "sha256:ee17a2cf4943cde261adfad1bbc5bf38d6b3776d7afff74c7cabcbeaeb08c260",
                "sha256:f80e3f2b5331dbbf0901bcb658056c03eeb2c1ef31d774afb0d61598b242e744",
                "sha256:f9b1c2533af01cd7648378599f82b0b8ae32f293296e6eec5753a625bc97ef28",
                "sha256:fa1cbc10768a796c96d3243656016bf4e337c81c71097270bb7b0ad6210d9765",
                "sha256:fbd1d4ed566895ad2d3bf4ddfd8bae90026930ddf29df3b9d91d32c8c47866a7"
            ],
            "markers": "python_version >= '3.10'",
            "version": "==3.3.4"
        },
        "psycopg-pool": {
            "hashes": [
                "sha256:2af5b432941c4c9ad5c87b3fa410aec910ec8f7c122855897983a06c45f2e4b5",
                "sha256:b10b10b7a175d5cc1592147dc5b7eec8a9e0834eb3ed2c4a92c858e2f51eb63c"
            ],
            "markers": "python_version >= '3.10'",
            "version": "==3.3.1"
        },
        "sqlparse": {
            "hashes": [
                "sha256:12a08b3bf3eec877c519589833aed092e2444e68240a3577e8e26148acc7b1ba",
                "sha256:e20d4a9b0b8585fdf63b10d30066c7c94c5d7a7ec47c889a2d83a3caa93ff28e"
            ],
            "markers": "python_version >= '3.8'",
            "version": "==0.5.5"
        },
        "typing-extensions": {
            "hashes": [
                "sha256:0cea48d173cc12fa28ecabc3b837ea3cf6f38c6d1136f85cbaaf598984861466",
                "sha256:f0fa19c6845758ab08074a0cfa8b7aecb71c999ca73d62883bc25cc018c4e548"
            ],
            "markers": "python_version >= '3.9'",
            "version": "==4.15.0"
        },
        "uvicorn": {
            "hashes": [
                "sha256:ba3d14c3ee7e41c6c654c46c9eb489d33213cdd30aa1696eab1374337c13f68f",
                "sha256:ebf4271aa580d9de97f93192d4595176df6e91f9aae919ca73e4fc07df1e66a3"
            ],
            "index": "pypi",
            "markers": "python_version >= '3.10'",
            "version": "==0.49.0"
        },
        "uvicorn-worker": {
            "hashes": [
                "sha256:8ee5306070d8f38dce124adce488c3c0b50f20cf0c0222b12c66188da7214493",
                "sha256:e2ed952cef976f5e9e429d7269640bbcafbd36c80aa80f1003c8c77a6797abde"
            ],
            "index": "pypi",
            "markers": "python_version >= '3.9'",
            "version": "==0.4.0"
        },
        "whitenoise": {
            "hashes": [
                "sha256:f723ebb76a112e98816ff80fcea0a6c9b8ecde835f8ddda25df7a30a3c2db6ad",
                "sha256:fc5e8c572e33ebf24795b47b6a7da8da3c00cff2349f5b04c02f28d0cc5a3cc2"
            ],
            "index": "pypi",
            "markers": "python_version >= '3.10'",
            "version": "==6.12.0"
        }
    },
    "develop": {}
}
