{
    "_meta": {
        "hash": {
            "sha256": "c978e3cdec734b1351a6ebcafebb5ac78eb5f63e2a3a2a1bf3ec3d82f633bfb6"
        },
        "pipfile-spec": 6,
        "requires": {
            "python_version": "3.13"
        },
        "sources": [
            {
                "name": "pypi",
                "url": "https://pypi.org/simple",
                "verify_ssl": true
            }
        ]
    },
    "default": {
        "asgiref": {
            "hashes": [
                "sha256:3e1e3ecc849832fe52ccf2cb6686b7a55f82bb1d6aee72a58826471390335e47",
                "sha256:c343bd80a0bec947a9860adb4c432ffa7db769836c64238fc34bdc3fec84d590"
            ],
            "markers": "python_version >= '3.8'",
            "version": "==3.8.1"
        },
        "click": {
            "hashes": [
                "sha256:63c132bbbed01578a06712a2d1f497bb62d9c1c0d329b7903a866228027263b2",
                "sha256:ed53c9d8990d83c2a27deae68e4ee337473f6330c040a31d4225c9574d16096a"
            ],
            "markers": "python_version >= '3.7'",
            "version": "==8.1.8"
        },
        "django": {
            "hashes": [
                "sha256:1a47f7a7a3d43ce64570d350e008d2949abe8c7e21737b351b6a1611277c6d89",
                "sha256:91ceed4e3a6db5aedced65e3c8f963118ea9ba753fc620831c77074e620e7d83"
            ],
            "markers": "python_version >= '3.10'",
            "version": "==5.2"
        },
        "django-cors-headers": {
            "hashes": [
                "sha256:6fdf31bf9c6d6448ba09ef57157db2268d515d94fc5c89a0a1028e1fc03ee52b",
                "sha256:f1c125dcd58479fe7a67fe2499c16ee38b81b397463cf025f0e2c42937421070"
            ],
            "index": "pypi",
            "markers": "python_version >= '3.9'",
            "version": "==4.7.0"
        },
        "django-filter": {
            "hashes": [
                "sha256:1ec9eef48fa8da1c0ac9b411744b16c3f4c31176c867886e4c48da369c407153",
                "sha256:4fa48677cf5857b9b1347fed23e355ea792464e0fe07244d1fdfb8a806215b80"
            ],
            "index": "pypi",
            "markers": "python_version >= '3.9'",
            "version": "==25.1"
        },
        "djangorestframework": {
            "hashes": [
                "sha256:2b8871b062ba1aefc2de01f773875441a961fefbf79f5eed1e32b2f096944b20",
                "sha256:36fe88cd2d6c6bec23dca9804bab2ba5517a8bb9d8f47ebc68981b56840107ad"
            ],
            "index": "pypi",
            "markers": "python_version >= '3.8'",
            "version": "==3.15.2"
        },
        "gunicorn": {
            "hashes": [
                "sha256:ec400d38950de4dfd418cff8328b2c8faed0edb0d517d3394e457c317908ca4d",
                "sha256:f014447a0101dc57e294f6c18ca6b40227a4c90e9bdb586042628030cba004ec"
            ],
            "index": "pypi",
            "markers": "python_version >= '3.7'",
            "version": "==23.0.0"
        },
        "h11": {
            "hashes": [
                "sha256:8f19fbbe99e72420ff35c00b27a34cb9937e902a8b810e2c88300c6f0a3b699d",
                "sha256:e3fe4ac4b851c468cc8363d500db52c2ead036020723024a109d37346efaa761"
            ],
            "markers": "python_version >= '3.7'",
            "version": "==0.14.0"
        },
        "packaging": {
            "hashes": [
                "sha256:09abb1bccd265c01f4a3aa3f7a7db064b36514d2cba19a2f694fe6150451a759",
                "sha256:c228a6dc5e932d346bc5739379109d49e8853dd8223571c7c5b55260edc0b97f"
            ],
            "markers": "python_version >= '3.8'",
            "version": "==24.2"
        },
        "psycopg": {
            "hashes": [
                "sha256:b782130983e5b3de30b4c529623d3687033b4dafa05bb661fc6bf45837ca5879",
                "sha256:f5f750611c67cb200e85b408882f29265c66d1de7f813add4f8125978bfd70e8"
            ],
            "index": "pypi",
            "markers": "python_version >= '3.8'",
            "version": "==3.2.5"
        },
        "sqlparse": {
            "hashes": [
                "sha256:09f67787f56a0b16ecdbde1bfc7f5d9c3371ca683cfeaa8e6ff60b4807ec9272",
                "sha256:cf2196ed3418f3ba5de6af7e82c694a9fbdbfecccdfc72e281548517081f16ca"
            ],
            "markers": "python_version >= '3.8'",
            "version": "==0.5.3"
        },
        "uvicorn": {
            "hashes": [
                "sha256:023dc038422502fa28a09c7a30bf2b6991512da7dcdb8fd35fe57cfc154126f4",
                "sha256:404051050cd7e905de2c9a7e61790943440b3416f49cb409f965d9dcd0fa73e9"
            ],
            "index": "pypi",
            "markers": "python_version >= '3.9'",
            "version": "==0.34.0"
        },
        "uvicorn-worker": {
            "hashes": [
                "sha256:6baeab7b2162ea6b9612cbe149aa670a76090ad65a267ce8e27316ed13c7de7b",
                "sha256:ef0fe8aad27b0290a9e602a256b03f5a5da3a9e5f942414ca587b645ec77dd52"
            ],
            "index": "pypi",
            "markers": "python_version >= '3.9'",
            "version": "==0.3.0"
        },
        "whitenoise": {
            "hashes": [
                "sha256:8c4a7c9d384694990c26f3047e118c691557481d624f069b7f7752a2f735d609",
                "sha256:c8a489049b7ee9889617bb4c274a153f3d979e8f51d2efd0f5b403caf41c57df"
            ],
            "index": "pypi",
            "markers": "python_version >= '3.9'",
            "version": "==6.9.0"
        }
    },
    "develop": {}
}
